<Solution>
  <Folder Name="/Task0/">
    <Project Path="Tyuiu.SklyarovAM.Sprint2.Task0.V8.Lib/Tyuiu.SklyarovAM.Sprint2.Task0.V8.Lib.csproj" Id="cb44acbc-3fdd-4c63-9b4e-7cd559f4e486" />
    <Project Path="Tyuiu.SklyarovAM.Sprint2.Task0.V8.Test/Tyuiu.SklyarovAM.Sprint2.Task0.V8.Test.csproj" Id="1ff601fe-8404-4041-9197-c4a9e1996d2d" />
    <Project Path="Tyuiu.SklyarovAM.Sprint2.Task0.V8/Tyuiu.SklyarovAM.Sprint2.Task0.V8.csproj" Id="12ee6e57-024e-4793-a045-f4e5d6cb770a" />
  </Folder>
  <Folder Name="/Task1/">
    <Project Path="Tyuiu.SklyarovAM.Sprint2.Task1.V26.Lib/Tyuiu.SklyarovAM.Sprint2.Task1.V26.Lib.csproj" Id="c36f5c4d-f75d-4726-9b29-9a7834dc9a5c" />
    <Project Path="Tyuiu.SklyarovAM.Sprint2.Task1.V26.Test/Tyuiu.SklyarovAM.Sprint2.Task1.V26.Test.csproj" Id="2c630b46-272c-40ba-b7bd-b70ba6a158bb" />
    <Project Path="Tyuiu.SklyarovAM.Sprint2.Task1.V26/Tyuiu.SklyarovAM.Sprint2.Task1.V26.csproj" Id="93b7191f-3e8d-4419-9945-75deddebe4ea" />
  </Folder>
  <Folder Name="/Task2/">
    <Project Path="Tyuiu.SklyarovAM.Sprint2.Task2.V29.Lib/Tyuiu.SklyarovAM.Sprint2.Task2.V29.Lib.csproj" Id="83ed5893-ffb9-4441-a1c9-2d42f7bb2683" />
    <Project Path="Tyuiu.SklyarovAM.Sprint2.Task2.V29.Test/Tyuiu.SklyarovAM.Sprint2.Task2.V29.Test.csproj" Id="7c66fc76-aa26-4765-b60d-8bda4b70671f" />
    <Project Path="Tyuiu.SklyarovAM.Sprint2.Task2.V29/Tyuiu.SklyarovAM.Sprint2.Task2.V29.csproj" Id="b841ca35-ffeb-43a3-90b4-6ac7c89cbc37" />
  </Folder>
  <Folder Name="/Task3/">
    <Project Path="Tyuiu.SklyarovAM.Sprint2.Task3.V14.Lib/Tyuiu.SklyarovAM.Sprint2.Task3.V14.Lib.csproj" Id="a7690d2a-53a3-4033-8e61-643932cb1246" />
    <Project Path="Tyuiu.SklyarovAM.Sprint2.Task3.V14.Test/Tyuiu.SklyarovAM.Sprint2.Task3.V14.Test.csproj" Id="ffb2abb4-4bd5-4e81-8438-090aa5b1e81d" />
    <Project Path="Tyuiu.SklyarovAM.Sprint2.Task3.V14/Tyuiu.SklyarovAM.Sprint2.Task3.V14.csproj" Id="df6875b1-9a71-404b-9eb9-55a7d1f40527" />
  </Folder>
  <Folder Name="/Task4/">
    <Project Path="Tyuiu.SklyarovAM.Sprint2.Task4.V15.Lib/Tyuiu.SklyarovAM.Sprint2.Task4.V15.Lib.csproj" Id="7ba1c291-cb3c-4389-99ea-3b9391dd8ef3" />
    <Project Path="Tyuiu.SklyarovAM.Sprint2.Task4.V15.Test/Tyuiu.SklyarovAM.Sprint2.Task4.V15.Test.csproj" Id="a2be6876-8342-428a-a829-17c837c83a18" />
    <Project Path="Tyuiu.SklyarovAM.Sprint2.Task4.V15/Tyuiu.SklyarovAM.Sprint2.Task4.V15.csproj" Id="798d424c-947e-4201-a158-e627ce73035e" />
  </Folder>
  <Folder Name="/Task5/">
    <Project Path="Tyuiu.SklyarovAM.Sprint2.Task5.V15.Lib/Tyuiu.SklyarovAM.Sprint2.Task5.V15.Lib.csproj" Id="af1c9381-3b51-4c35-ae43-d36e9340fc75" />
    <Project Path="Tyuiu.SklyarovAM.Sprint2.Task5.V15.Test/Tyuiu.SklyarovAM.Sprint2.Task5.V15.Test.csproj" Id="6a218661-10fa-4d48-9a17-64c4cf63ea7c" />
    <Project Path="Tyuiu.SklyarovAM.Sprint2.Task5.V15/Tyuiu.SklyarovAM.Sprint2.Task5.V15.csproj" Id="d9cf31a3-8fae-4f08-af0a-64e9da1a0798" />
  </Folder>
  <Folder Name="/Task6/">
    <Project Path="Tyuiu.SklyarovAM.Sprint2.Task6.V11.Lib/Tyuiu.SklyarovAM.Sprint2.Task6.V11.Lib.csproj" Id="6ade26c9-fa34-425b-8f99-c41fdf1c355e" />
    <Project Path="Tyuiu.SklyarovAM.Sprint2.Task6.V11.Test/Tyuiu.SklyarovAM.Sprint2.Task6.V11.Test.csproj" Id="ce8f98b3-812e-4f1b-8839-d3e0b9d056b5" />
    <Project Path="Tyuiu.SklyarovAM.Sprint2.Task6.V11/Tyuiu.SklyarovAM.Sprint2.Task6.V11.csproj" Id="d298a2ac-1900-4dec-9348-d5ce99bca7b4" />
  </Folder>
</Solution>
